
Microsoft Visual Studio Solution File, Format Version 12.00
# Visual Studio Version 17
VisualStudioVersion = 17.10.35013.160
MinimumVisualStudioVersion = 10.0.40219.1
Project("{FAE04EC0-301F-11D3-BF4B-00C04F79EFBC}") = "GuessGame", "GuessGame.csproj", "{EFBF9988-7AD7-4EB2-9D62-AE78FF089909}"
EndProject
Global
	GlobalSection(SolutionConfigurationPlatforms) = preSolution
		Debug|Any CPU = Debug|Any CPU
		Release|Any CPU = Release|Any CPU
	EndGlobalSection
	GlobalSection(ProjectConfigurationPlatforms) = postSolution
		{EFBF9988-7AD7-4EB2-9D62-AE78FF089909}.Debug|Any CPU.ActiveCfg = Debug|Any CPU
		{EFBF9988-7AD7-4EB2-9D62-AE78FF089909}.Debug|Any CPU.Build.0 = Debug|Any CPU
		{EFBF9988-7AD7-4EB2-9D62-AE78FF089909}.Release|Any CPU.ActiveCfg = Release|Any CPU
		{EFBF9988-7AD7-4EB2-9D62-AE78FF089909}.Release|Any CPU.Build.0 = Release|Any CPU
	EndGlobalSection
	GlobalSection(SolutionProperties) = preSolution
		HideSolutionNode = FALSE
	EndGlobalSection
	GlobalSection(ExtensibilityGlobals) = postSolution
		SolutionGuid = {470D2F4C-0CA8-401A-9E5C-6B31E71F9BA4}
	EndGlobalSection
EndGlobal
