
Microsoft Visual Studio Solution File, Format Version 12.00
# Visual Studio Version 17
VisualStudioVersion = 17.7.34031.279
MinimumVisualStudioVersion = 10.0.40219.1
Project("{FAE04EC0-301F-11D3-BF4B-00C04F79EFBC}") = "PC_club", "PC_club.csproj", "{721B54BF-4835-4D6D-AEDC-B6CA47B56756}"
EndProject
Global
	GlobalSection(SolutionConfigurationPlatforms) = preSolution
		Debug|Any CPU = Debug|Any CPU
		Release|Any CPU = Release|Any CPU
	EndGlobalSection
	GlobalSection(ProjectConfigurationPlatforms) = postSolution
		{721B54BF-4835-4D6D-AEDC-B6CA47B56756}.Debug|Any CPU.ActiveCfg = Debug|Any CPU
		{721B54BF-4835-4D6D-AEDC-B6CA47B56756}.Debug|Any CPU.Build.0 = Debug|Any CPU
		{721B54BF-4835-4D6D-AEDC-B6CA47B56756}.Release|Any CPU.ActiveCfg = Release|Any CPU
		{721B54BF-4835-4D6D-AEDC-B6CA47B56756}.Release|Any CPU.Build.0 = Release|Any CPU
	EndGlobalSection
	GlobalSection(SolutionProperties) = preSolution
		HideSolutionNode = FALSE
	EndGlobalSection
	GlobalSection(ExtensibilityGlobals) = postSolution
		SolutionGuid = {F5DA6579-093A-4F28-A565-77C7E38B426C}
	EndGlobalSection
EndGlobal
