
Microsoft Visual Studio Solution File, Format Version 12.00
# Visual Studio Version 17
VisualStudioVersion = 17.7.34031.279
MinimumVisualStudioVersion = 10.0.40219.1
Project("{FAE04EC0-301F-11D3-BF4B-00C04F79EFBC}") = "Pac-Man", "Pac-Man.csproj", "{0EA132E8-32BB-47DE-9D12-FC3E241147B5}"
EndProject
Global
	GlobalSection(SolutionConfigurationPlatforms) = preSolution
		Debug|Any CPU = Debug|Any CPU
		Release|Any CPU = Release|Any CPU
	EndGlobalSection
	GlobalSection(ProjectConfigurationPlatforms) = postSolution
		{0EA132E8-32BB-47DE-9D12-FC3E241147B5}.Debug|Any CPU.ActiveCfg = Debug|Any CPU
		{0EA132E8-32BB-47DE-9D12-FC3E241147B5}.Debug|Any CPU.Build.0 = Debug|Any CPU
		{0EA132E8-32BB-47DE-9D12-FC3E241147B5}.Release|Any CPU.ActiveCfg = Release|Any CPU
		{0EA132E8-32BB-47DE-9D12-FC3E241147B5}.Release|Any CPU.Build.0 = Release|Any CPU
	EndGlobalSection
	GlobalSection(SolutionProperties) = preSolution
		HideSolutionNode = FALSE
	EndGlobalSection
	GlobalSection(ExtensibilityGlobals) = postSolution
		SolutionGuid = {8CD335B7-5A4A-4F0D-BCFE-B901EBAF21D8}
	EndGlobalSection
EndGlobal
